
Microsoft Visual Studio Solution File, Format Version 12.00
# Visual Studio 2013
VisualStudioVersion = 12.0.21005.1
MinimumVisualStudioVersion = 10.0.40219.1
Project("{2150E333-8FDC-42A3-9474-1A3956D46DE8}") = "0 - Presentation", "0 - Presentation", "{ACB48F7C-D227-4744-A01A-AC228A6420BB}"
EndProject
Project("{2150E333-8FDC-42A3-9474-1A3956D46DE8}") = "1 - Services", "1 - Services", "{257781F7-D2AA-46CA-BF1D-6EEE91D96FE7}"
EndProject
Project("{2150E333-8FDC-42A3-9474-1A3956D46DE8}") = "2 - Application", "2 - Application", "{7937A37E-3230-47DC-AA6E-496E10221E60}"
EndProject
Project("{2150E333-8FDC-42A3-9474-1A3956D46DE8}") = "3 - Domain", "3 - Domain", "{FE427A4D-D4F1-4C68-8EE3-83EF6274501F}"
EndProject
Project("{2150E333-8FDC-42A3-9474-1A3956D46DE8}") = "4 - Infra", "4 - Infra", "{AD0E7783-49C3-41CF-9DED-9C078EC83334}"
EndProject
Project("{2150E333-8FDC-42A3-9474-1A3956D46DE8}") = "4.1 - Data", "4.1 - Data", "{0505B425-4C8F-45DF-81A9-15A1CDADA3FF}"
EndProject
Project("{2150E333-8FDC-42A3-9474-1A3956D46DE8}") = "4.2 - CrossCutting", "4.2 - CrossCutting", "{6789A466-6094-40BC-80D0-9959881C4591}"
EndProject
Project("{FAE04EC0-301F-11D3-BF4B-00C04F79EFBC}") = "SisKarateDDD.MVC", "SisKarateDDD.MVC\SisKarateDDD.MVC.csproj", "{D8AEA5F3-17B6-4FB7-BA80-2CA071A7C956}"
EndProject
Project("{FAE04EC0-301F-11D3-BF4B-00C04F79EFBC}") = "SisKarateDDD.Domain", "SisKarateDDD.Domain\SisKarateDDD.Domain.csproj", "{2225373F-1262-4DD7-B20C-0FE00115422C}"
EndProject
Project("{FAE04EC0-301F-11D3-BF4B-00C04F79EFBC}") = "SisKarateDDD.Infra.Data", "SisKarateDDD.Infra.Data\SisKarateDDD.Infra.Data.csproj", "{9AEE58CB-D3C6-433E-8CB7-D611C89D160B}"
EndProject
Project("{FAE04EC0-301F-11D3-BF4B-00C04F79EFBC}") = "SisKarateDDD.Application", "SisKarateDDD.Application\SisKarateDDD.Application.csproj", "{2CC83802-9FAC-4E21-B75F-D54FA3BD39A6}"
EndProject
Global
	GlobalSection(SolutionConfigurationPlatforms) = preSolution
		Debug|Any CPU = Debug|Any CPU
		Release|Any CPU = Release|Any CPU
	EndGlobalSection
	GlobalSection(ProjectConfigurationPlatforms) = postSolution
		{D8AEA5F3-17B6-4FB7-BA80-2CA071A7C956}.Debug|Any CPU.ActiveCfg = Debug|Any CPU
		{D8AEA5F3-17B6-4FB7-BA80-2CA071A7C956}.Debug|Any CPU.Build.0 = Debug|Any CPU
		{D8AEA5F3-17B6-4FB7-BA80-2CA071A7C956}.Release|Any CPU.ActiveCfg = Release|Any CPU
		{D8AEA5F3-17B6-4FB7-BA80-2CA071A7C956}.Release|Any CPU.Build.0 = Release|Any CPU
		{2225373F-1262-4DD7-B20C-0FE00115422C}.Debug|Any CPU.ActiveCfg = Debug|Any CPU
		{2225373F-1262-4DD7-B20C-0FE00115422C}.Debug|Any CPU.Build.0 = Debug|Any CPU
		{2225373F-1262-4DD7-B20C-0FE00115422C}.Release|Any CPU.ActiveCfg = Release|Any CPU
		{2225373F-1262-4DD7-B20C-0FE00115422C}.Release|Any CPU.Build.0 = Release|Any CPU
		{9AEE58CB-D3C6-433E-8CB7-D611C89D160B}.Debug|Any CPU.ActiveCfg = Debug|Any CPU
		{9AEE58CB-D3C6-433E-8CB7-D611C89D160B}.Debug|Any CPU.Build.0 = Debug|Any CPU
		{9AEE58CB-D3C6-433E-8CB7-D611C89D160B}.Release|Any CPU.ActiveCfg = Release|Any CPU
		{9AEE58CB-D3C6-433E-8CB7-D611C89D160B}.Release|Any CPU.Build.0 = Release|Any CPU
		{2CC83802-9FAC-4E21-B75F-D54FA3BD39A6}.Debug|Any CPU.ActiveCfg = Debug|Any CPU
		{2CC83802-9FAC-4E21-B75F-D54FA3BD39A6}.Debug|Any CPU.Build.0 = Debug|Any CPU
		{2CC83802-9FAC-4E21-B75F-D54FA3BD39A6}.Release|Any CPU.ActiveCfg = Release|Any CPU
		{2CC83802-9FAC-4E21-B75F-D54FA3BD39A6}.Release|Any CPU.Build.0 = Release|Any CPU
	EndGlobalSection
	GlobalSection(SolutionProperties) = preSolution
		HideSolutionNode = FALSE
	EndGlobalSection
	GlobalSection(NestedProjects) = preSolution
		{D8AEA5F3-17B6-4FB7-BA80-2CA071A7C956} = {ACB48F7C-D227-4744-A01A-AC228A6420BB}
		{2CC83802-9FAC-4E21-B75F-D54FA3BD39A6} = {7937A37E-3230-47DC-AA6E-496E10221E60}
		{2225373F-1262-4DD7-B20C-0FE00115422C} = {FE427A4D-D4F1-4C68-8EE3-83EF6274501F}
		{0505B425-4C8F-45DF-81A9-15A1CDADA3FF} = {AD0E7783-49C3-41CF-9DED-9C078EC83334}
		{6789A466-6094-40BC-80D0-9959881C4591} = {AD0E7783-49C3-41CF-9DED-9C078EC83334}
		{9AEE58CB-D3C6-433E-8CB7-D611C89D160B} = {0505B425-4C8F-45DF-81A9-15A1CDADA3FF}
	EndGlobalSection
EndGlobal
